
Microsoft Visual Studio Solution File, Format Version 12.00
# Visual Studio Version 16
VisualStudioVersion = 16.0.30413.136
MinimumVisualStudioVersion = 10.0.40219.1
Project("{FAE04EC0-301F-11D3-BF4B-00C04F79EFBC}") = "ProyectoIPC2_Othello", "ProyectoIPC2_Othello\ProyectoIPC2_Othello.csproj", "{94F53110-A355-4C82-A300-6FF77CA60F37}"
EndProject
Global
	GlobalSection(SolutionConfigurationPlatforms) = preSolution
		Debug|Any CPU = Debug|Any CPU
		Release|Any CPU = Release|Any CPU
	EndGlobalSection
	GlobalSection(ProjectConfigurationPlatforms) = postSolution
		{94F53110-A355-4C82-A300-6FF77CA60F37}.Debug|Any CPU.ActiveCfg = Debug|Any CPU
		{94F53110-A355-4C82-A300-6FF77CA60F37}.Debug|Any CPU.Build.0 = Debug|Any CPU
		{94F53110-A355-4C82-A300-6FF77CA60F37}.Release|Any CPU.ActiveCfg = Release|Any CPU
		{94F53110-A355-4C82-A300-6FF77CA60F37}.Release|Any CPU.Build.0 = Release|Any CPU
	EndGlobalSection
	GlobalSection(SolutionProperties) = preSolution
		HideSolutionNode = FALSE
	EndGlobalSection
	GlobalSection(ExtensibilityGlobals) = postSolution
		SolutionGuid = {9BDB54DB-2E73-467B-9D0F-A51EA0E95CA9}
	EndGlobalSection
EndGlobal
